
Microsoft Visual Studio Solution File, Format Version 12.00
# Visual Studio Version 17
VisualStudioVersion = 17.13.35931.197 d17.13
MinimumVisualStudioVersion = 10.0.40219.1
Project("{FAE04EC0-301F-11D3-BF4B-00C04F79EFBC}") = "PRAKTOSWEBAPI", "PRAKTOSWEBAPI.csproj", "{B4C23B95-0903-43C2-AA96-094DDB60EC06}"
EndProject
Global
	GlobalSection(SolutionConfigurationPlatforms) = preSolution
		Debug|Any CPU = Debug|Any CPU
		Release|Any CPU = Release|Any CPU
	EndGlobalSection
	GlobalSection(ProjectConfigurationPlatforms) = postSolution
		{B4C23B95-0903-43C2-AA96-094DDB60EC06}.Debug|Any CPU.ActiveCfg = Debug|Any CPU
		{B4C23B95-0903-43C2-AA96-094DDB60EC06}.Debug|Any CPU.Build.0 = Debug|Any CPU
		{B4C23B95-0903-43C2-AA96-094DDB60EC06}.Release|Any CPU.ActiveCfg = Release|Any CPU
		{B4C23B95-0903-43C2-AA96-094DDB60EC06}.Release|Any CPU.Build.0 = Release|Any CPU
	EndGlobalSection
	GlobalSection(SolutionProperties) = preSolution
		HideSolutionNode = FALSE
	EndGlobalSection
	GlobalSection(ExtensibilityGlobals) = postSolution
		SolutionGuid = {A0032B87-9FB1-41D4-B393-FA651256FDAD}
	EndGlobalSection
EndGlobal
